// !$*UTF8*$!
{
	archiveVersion = 1;
	classes = {
	};
	objectVersion = 77;
	objects = {

/* Begin PBXBuildFile section */
		F54948BA2FF0005900B9AB9D /* WidgetKit.framework in Frameworks */ = {isa = PBXBuildFile; fileRef = F54948B92FF0005900B9AB9D /* WidgetKit.framework */; };
		F54948BC2FF0005900B9AB9D /* SwiftUI.framework in Frameworks */ = {isa = PBXBuildFile; fileRef = F54948BB2FF0005900B9AB9D /* SwiftUI.framework */; };
		F54948C72FF0005A00B9AB9D /* StatsWidgetExtension.appex in Embed Foundation Extensions */ = {isa = PBXBuildFile; fileRef = F54948B72FF0005900B9AB9D /* StatsWidgetExtension.appex */; settings = {ATTRIBUTES = (RemoveHeadersOnCopy, ); }; };
		F54949CE2FF03A3200B9AB9D /* README.md in Resources */ = {isa = PBXBuildFile; fileRef = F54949CD2FF03A3200B9AB9D /* README.md */; };
		F54949CF2FF03A3200B9AB9D /* README.md in Resources */ = {isa = PBXBuildFile; fileRef = F54949CD2FF03A3200B9AB9D /* README.md */; };
/* End PBXBuildFile section */

/* Begin PBXContainerItemProxy section */
		F54948C52FF0005A00B9AB9D /* PBXContainerItemProxy */ = {
			isa = PBXContainerItemProxy;
			containerPortal = F58255742FE9BBFB003F1CED /* Project object */;
			proxyType = 1;
			remoteGlobalIDString = F54948B62FF0005900B9AB9D;
			remoteInfo = StatsWidgetExtension;
		};
/* End PBXContainerItemProxy section */

/* Begin PBXCopyFilesBuildPhase section */
		F54948C82FF0005A00B9AB9D /* Embed Foundation Extensions */ = {
			isa = PBXCopyFilesBuildPhase;
			buildActionMask = 2147483647;
			dstPath = "";
			dstSubfolderSpec = 13;
			files = (
				F54948C72FF0005A00B9AB9D /* StatsWidgetExtension.appex in Embed Foundation Extensions */,
			);
			name = "Embed Foundation Extensions";
			runOnlyForDeploymentPostprocessing = 0;
		};
/* End PBXCopyFilesBuildPhase section */

/* Begin PBXFileReference section */
		F54948B72FF0005900B9AB9D /* StatsWidgetExtension.appex */ = {isa = PBXFileReference; explicitFileType = "wrapper.app-extension"; includeInIndex = 0; path = StatsWidgetExtension.appex; sourceTree = BUILT_PRODUCTS_DIR; };
		F54948B92FF0005900B9AB9D /* WidgetKit.framework */ = {isa = PBXFileReference; lastKnownFileType = wrapper.framework; name = WidgetKit.framework; path = System/Library/Frameworks/WidgetKit.framework; sourceTree = SDKROOT; };
		F54948BB2FF0005900B9AB9D /* SwiftUI.framework */ = {isa = PBXFileReference; lastKnownFileType = wrapper.framework; name = SwiftUI.framework; path = System/Library/Frameworks/SwiftUI.framework; sourceTree = SDKROOT; };
		F54949042FF0044E00B9AB9D /* StatsWidgetExtension.entitlements */ = {isa = PBXFileReference; lastKnownFileType = text.plist.entitlements; path = StatsWidgetExtension.entitlements; sourceTree = "<group>"; };
		F54949CD2FF03A3200B9AB9D /* README.md */ = {isa = PBXFileReference; lastKnownFileType = net.daringfireball.markdown; path = README.md; sourceTree = "<group>"; };
		F582557C2FE9BBFB003F1CED /* expenses-tracker.app */ = {isa = PBXFileReference; explicitFileType = wrapper.application; includeInIndex = 0; path = "expenses-tracker.app"; sourceTree = BUILT_PRODUCTS_DIR; };
/* End PBXFileReference section */

/* Begin PBXFileSystemSynchronizedBuildFileExceptionSet section */
		F54948CC2FF0005A00B9AB9D /* Exceptions for "StatsWidget" folder in "StatsWidgetExtension" target */ = {
			isa = PBXFileSystemSynchronizedBuildFileExceptionSet;
			membershipExceptions = (
				Info.plist,
			);
			target = F54948B62FF0005900B9AB9D /* StatsWidgetExtension */;
		};
		F54948CE2FF001FA00B9AB9D /* Exceptions for "expenses-tracker" folder in "StatsWidgetExtension" target */ = {
			isa = PBXFileSystemSynchronizedBuildFileExceptionSet;
			membershipExceptions = (
				Assets.xcassets,
				Helpers/Constants.swift,
				Helpers/DateExt.swift,
				Helpers/ViewsExt.swift,
				Model/CategoryModel.swift,
				Model/TintColorModel.swift,
				Model/TransactionModel.swift,
				View/Helper/CardView.swift,
				View/Helper/FilterTransactionView.swift,
			);
			target = F54948B62FF0005900B9AB9D /* StatsWidgetExtension */;
		};
		F54949662FF0341800B9AB9D /* Exceptions for "AppPreview" folder in "expenses-tracker" target */ = {
			isa = PBXFileSystemSynchronizedBuildFileExceptionSet;
			membershipExceptions = (
				add_transaction.png,
				"exp-tracker.png",
				first_launch.png,
				graph_screen.png,
				home_screen.png,
				setting_screen.png,
				widget.png,
			);
			target = F582557B2FE9BBFB003F1CED /* expenses-tracker */;
		};
		F5ACC1B52FEC27F100FC4466 /* Exceptions for "expenses-tracker" folder in "expenses-tracker" target */ = {
			isa = PBXFileSystemSynchronizedBuildFileExceptionSet;
			membershipExceptions = (
				Info.plist,
			);
			target = F582557B2FE9BBFB003F1CED /* expenses-tracker */;
		};
/* End PBXFileSystemSynchronizedBuildFileExceptionSet section */

/* Begin PBXFileSystemSynchronizedRootGroup section */
		F54948BD2FF0005900B9AB9D /* StatsWidget */ = {
			isa = PBXFileSystemSynchronizedRootGroup;
			exceptions = (
				F54948CC2FF0005A00B9AB9D /* Exceptions for "StatsWidget" folder in "StatsWidgetExtension" target */,
			);
			path = StatsWidget;
			sourceTree = "<group>";
		};
		F54949502FF033C700B9AB9D /* AppPreview */ = {
			isa = PBXFileSystemSynchronizedRootGroup;
			exceptions = (
				F54949662FF0341800B9AB9D /* Exceptions for "AppPreview" folder in "expenses-tracker" target */,
			);
			path = AppPreview;
			sourceTree = "<group>";
		};
		F582557E2FE9BBFB003F1CED /* expenses-tracker */ = {
			isa = PBXFileSystemSynchronizedRootGroup;
			exceptions = (
				F5ACC1B52FEC27F100FC4466 /* Exceptions for "expenses-tracker" folder in "expenses-tracker" target */,
				F54948CE2FF001FA00B9AB9D /* Exceptions for "expenses-tracker" folder in "StatsWidgetExtension" target */,
			);
			path = "expenses-tracker";
			sourceTree = "<group>";
		};
/* End PBXFileSystemSynchronizedRootGroup section */

/* Begin PBXFrameworksBuildPhase section */
		F54948B42FF0005900B9AB9D /* Frameworks */ = {
			isa = PBXFrameworksBuildPhase;
			buildActionMask = 2147483647;
			files = (
				F54948BC2FF0005900B9AB9D /* SwiftUI.framework in Frameworks */,
				F54948BA2FF0005900B9AB9D /* WidgetKit.framework in Frameworks */,
			);
			runOnlyForDeploymentPostprocessing = 0;
		};
		F58255792FE9BBFB003F1CED /* Frameworks */ = {
			isa = PBXFrameworksBuildPhase;
			buildActionMask = 2147483647;
			files = (
			);
			runOnlyForDeploymentPostprocessing = 0;
		};
/* End PBXFrameworksBuildPhase section */

/* Begin PBXGroup section */
		F54948B82FF0005900B9AB9D /* Frameworks */ = {
			isa = PBXGroup;
			children = (
				F54948B92FF0005900B9AB9D /* WidgetKit.framework */,
				F54948BB2FF0005900B9AB9D /* SwiftUI.framework */,
			);
			name = Frameworks;
			sourceTree = "<group>";
		};
		F58255732FE9BBFB003F1CED = {
			isa = PBXGroup;
			children = (
				F54949CD2FF03A3200B9AB9D /* README.md */,
				F54949502FF033C700B9AB9D /* AppPreview */,
				F54949042FF0044E00B9AB9D /* StatsWidgetExtension.entitlements */,
				F582557E2FE9BBFB003F1CED /* expenses-tracker */,
				F54948BD2FF0005900B9AB9D /* StatsWidget */,
				F54948B82FF0005900B9AB9D /* Frameworks */,
				F582557D2FE9BBFB003F1CED /* Products */,
			);
			sourceTree = "<group>";
		};
		F582557D2FE9BBFB003F1CED /* Products */ = {
			isa = PBXGroup;
			children = (
				F582557C2FE9BBFB003F1CED /* expenses-tracker.app */,
				F54948B72FF0005900B9AB9D /* StatsWidgetExtension.appex */,
			);
			name = Products;
			sourceTree = "<group>";
		};
/* End PBXGroup section */

/* Begin PBXNativeTarget section */
		F54948B62FF0005900B9AB9D /* StatsWidgetExtension */ = {
			isa = PBXNativeTarget;
			buildConfigurationList = F54948CB2FF0005A00B9AB9D /* Build configuration list for PBXNativeTarget "StatsWidgetExtension" */;
			buildPhases = (
				F54948B32FF0005900B9AB9D /* Sources */,
				F54948B42FF0005900B9AB9D /* Frameworks */,
				F54948B52FF0005900B9AB9D /* Resources */,
			);
			buildRules = (
			);
			dependencies = (
			);
			fileSystemSynchronizedGroups = (
				F54948BD2FF0005900B9AB9D /* StatsWidget */,
				F54949502FF033C700B9AB9D /* AppPreview */,
			);
			name = StatsWidgetExtension;
			packageProductDependencies = (
			);
			productName = StatsWidgetExtension;
			productReference = F54948B72FF0005900B9AB9D /* StatsWidgetExtension.appex */;
			productType = "com.apple.product-type.app-extension";
		};
		F582557B2FE9BBFB003F1CED /* expenses-tracker */ = {
			isa = PBXNativeTarget;
			buildConfigurationList = F58255872FE9BBFC003F1CED /* Build configuration list for PBXNativeTarget "expenses-tracker" */;
			buildPhases = (
				F58255782FE9BBFB003F1CED /* Sources */,
				F58255792FE9BBFB003F1CED /* Frameworks */,
				F582557A2FE9BBFB003F1CED /* Resources */,
				F54948C82FF0005A00B9AB9D /* Embed Foundation Extensions */,
			);
			buildRules = (
			);
			dependencies = (
				F54948C62FF0005A00B9AB9D /* PBXTargetDependency */,
			);
			fileSystemSynchronizedGroups = (
				F582557E2FE9BBFB003F1CED /* expenses-tracker */,
			);
			name = "expenses-tracker";
			packageProductDependencies = (
			);
			productName = "expenses-tracker";
			productReference = F582557C2FE9BBFB003F1CED /* expenses-tracker.app */;
			productType = "com.apple.product-type.application";
		};
/* End PBXNativeTarget section */

/* Begin PBXProject section */
		F58255742FE9BBFB003F1CED /* Project object */ = {
			isa = PBXProject;
			attributes = {
				BuildIndependentTargetsInParallel = 1;
				LastSwiftUpdateCheck = 2620;
				LastUpgradeCheck = 2620;
				TargetAttributes = {
					F54948B62FF0005900B9AB9D = {
						CreatedOnToolsVersion = 26.2;
					};
					F582557B2FE9BBFB003F1CED = {
						CreatedOnToolsVersion = 26.2;
					};
				};
			};
			buildConfigurationList = F58255772FE9BBFB003F1CED /* Build configuration list for PBXProject "expenses-tracker" */;
			developmentRegion = en;
			hasScannedForEncodings = 0;
			knownRegions = (
				en,
				Base,
			);
			mainGroup = F58255732FE9BBFB003F1CED;
			minimizedProjectReferenceProxies = 1;
			preferredProjectObjectVersion = 77;
			productRefGroup = F582557D2FE9BBFB003F1CED /* Products */;
			projectDirPath = "";
			projectRoot = "";
			targets = (
				F582557B2FE9BBFB003F1CED /* expenses-tracker */,
				F54948B62FF0005900B9AB9D /* StatsWidgetExtension */,
			);
		};
/* End PBXProject section */

/* Begin PBXResourcesBuildPhase section */
		F54948B52FF0005900B9AB9D /* Resources */ = {
			isa = PBXResourcesBuildPhase;
			buildActionMask = 2147483647;
			files = (
				F54949CE2FF03A3200B9AB9D /* README.md in Resources */,
			);
			runOnlyForDeploymentPostprocessing = 0;
		};
		F582557A2FE9BBFB003F1CED /* Resources */ = {
			isa = PBXResourcesBuildPhase;
			buildActionMask = 2147483647;
			files = (
				F54949CF2FF03A3200B9AB9D /* README.md in Resources */,
			);
			runOnlyForDeploymentPostprocessing = 0;
		};
/* End PBXResourcesBuildPhase section */

/* Begin PBXSourcesBuildPhase section */
		F54948B32FF0005900B9AB9D /* Sources */ = {
			isa = PBXSourcesBuildPhase;
			buildActionMask = 2147483647;
			files = (
			);
			runOnlyForDeploymentPostprocessing = 0;
		};
		F58255782FE9BBFB003F1CED /* Sources */ = {
			isa = PBXSourcesBuildPhase;
			buildActionMask = 2147483647;
			files = (
			);
			runOnlyForDeploymentPostprocessing = 0;
		};
/* End PBXSourcesBuildPhase section */

/* Begin PBXTargetDependency section */
		F54948C62FF0005A00B9AB9D /* PBXTargetDependency */ = {
			isa = PBXTargetDependency;
			target = F54948B62FF0005900B9AB9D /* StatsWidgetExtension */;
			targetProxy = F54948C52FF0005A00B9AB9D /* PBXContainerItemProxy */;
		};
/* End PBXTargetDependency section */

/* Begin XCBuildConfiguration section */
		F54948C92FF0005A00B9AB9D /* Debug */ = {
			isa = XCBuildConfiguration;
			buildSettings = {
				ASSETCATALOG_COMPILER_GLOBAL_ACCENT_COLOR_NAME = AccentColor;
				ASSETCATALOG_COMPILER_WIDGET_BACKGROUND_COLOR_NAME = WidgetBackground;
				CODE_SIGN_ENTITLEMENTS = StatsWidgetExtension.entitlements;
				CODE_SIGN_STYLE = Automatic;
				CURRENT_PROJECT_VERSION = 1;
				DEVELOPMENT_TEAM = 37TJBT8WLA;
				GENERATE_INFOPLIST_FILE = YES;
				INFOPLIST_FILE = StatsWidget/Info.plist;
				INFOPLIST_KEY_CFBundleDisplayName = StatsWidget;
				INFOPLIST_KEY_NSHumanReadableCopyright = "";
				LD_RUNPATH_SEARCH_PATHS = (
					"$(inherited)",
					"@executable_path/Frameworks",
					"@executable_path/../../Frameworks",
				);
				MARKETING_VERSION = 1.0;
				PRODUCT_BUNDLE_IDENTIFIER = "zataxo.swift.expenses-tracker.StatsWidget";
				PRODUCT_NAME = "$(TARGET_NAME)";
				SKIP_INSTALL = YES;
				STRING_CATALOG_GENERATE_SYMBOLS = YES;
				SWIFT_APPROACHABLE_CONCURRENCY = YES;
				SWIFT_EMIT_LOC_STRINGS = YES;
				SWIFT_UPCOMING_FEATURE_MEMBER_IMPORT_VISIBILITY = YES;
				SWIFT_VERSION = 5.0;
				TARGETED_DEVICE_FAMILY = "1,2";
			};
			name = Debug;
		};
		F54948CA2FF0005A00B9AB9D /* Release */ = {
			isa = XCBuildConfiguration;
			buildSettings = {
				ASSETCATALOG_COMPILER_GLOBAL_ACCENT_COLOR_NAME = AccentColor;
				ASSETCATALOG_COMPILER_WIDGET_BACKGROUND_COLOR_NAME = WidgetBackground;
				CODE_SIGN_ENTITLEMENTS = StatsWidgetExtension.entitlements;
				CODE_SIGN_STYLE = Automatic;
				CURRENT_PROJECT_VERSION = 1;
				DEVELOPMENT_TEAM = 37TJBT8WLA;
				GENERATE_INFOPLIST_FILE = YES;
				INFOPLIST_FILE = StatsWidget/Info.plist;
				INFOPLIST_KEY_CFBundleDisplayName = StatsWidget;
				INFOPLIST_KEY_NSHumanReadableCopyright = "";
				LD_RUNPATH_SEARCH_PATHS = (
					"$(inherited)",
					"@executable_path/Frameworks",
					"@executable_path/../../Frameworks",
				);
				MARKETING_VERSION = 1.0;
				PRODUCT_BUNDLE_IDENTIFIER = "zataxo.swift.expenses-tracker.StatsWidget";
				PRODUCT_NAME = "$(TARGET_NAME)";
				SKIP_INSTALL = YES;
				STRING_CATALOG_GENERATE_SYMBOLS = YES;
				SWIFT_APPROACHABLE_CONCURRENCY = YES;
				SWIFT_EMIT_LOC_STRINGS = YES;
				SWIFT_UPCOMING_FEATURE_MEMBER_IMPORT_VISIBILITY = YES;
				SWIFT_VERSION = 5.0;
				TARGETED_DEVICE_FAMILY = "1,2";
			};
			name = Release;
		};
		F58255852FE9BBFC003F1CED /* Debug */ = {
			isa = XCBuildConfiguration;
			buildSettings = {
				ALWAYS_SEARCH_USER_PATHS = NO;
				ASSETCATALOG_COMPILER_GENERATE_SWIFT_ASSET_SYMBOL_EXTENSIONS = YES;
				CLANG_ANALYZER_NONNULL = YES;
				CLANG_ANALYZER_NUMBER_OBJECT_CONVERSION = YES_AGGRESSIVE;
				CLANG_CXX_LANGUAGE_STANDARD = "gnu++20";
				CLANG_ENABLE_MODULES = YES;
				CLANG_ENABLE_OBJC_ARC = YES;
				CLANG_ENABLE_OBJC_WEAK = YES;
				CLANG_WARN_BLOCK_CAPTURE_AUTORELEASING = YES;
				CLANG_WARN_BOOL_CONVERSION = YES;
				CLANG_WARN_COMMA = YES;
				CLANG_WARN_CONSTANT_CONVERSION = YES;
				CLANG_WARN_DEPRECATED_OBJC_IMPLEMENTATIONS = YES;
				CLANG_WARN_DIRECT_OBJC_ISA_USAGE = YES_ERROR;
				CLANG_WARN_DOCUMENTATION_COMMENTS = YES;
				CLANG_WARN_EMPTY_BODY = YES;
				CLANG_WARN_ENUM_CONVERSION = YES;
				CLANG_WARN_INFINITE_RECURSION = YES;
				CLANG_WARN_INT_CONVERSION = YES;
				CLANG_WARN_NON_LITERAL_NULL_CONVERSION = YES;
				CLANG_WARN_OBJC_IMPLICIT_RETAIN_SELF = YES;
				CLANG_WARN_OBJC_LITERAL_CONVERSION = YES;
				CLANG_WARN_OBJC_ROOT_CLASS = YES_ERROR;
				CLANG_WARN_QUOTED_INCLUDE_IN_FRAMEWORK_HEADER = YES;
				CLANG_WARN_RANGE_LOOP_ANALYSIS = YES;
				CLANG_WARN_STRICT_PROTOTYPES = YES;
				CLANG_WARN_SUSPICIOUS_MOVE = YES;
				CLANG_WARN_UNGUARDED_AVAILABILITY = YES_AGGRESSIVE;
				CLANG_WARN_UNREACHABLE_CODE = YES;
				CLANG_WARN__DUPLICATE_METHOD_MATCH = YES;
				COPY_PHASE_STRIP = NO;
				DEBUG_INFORMATION_FORMAT = dwarf;
				DEVELOPMENT_TEAM = 37TJBT8WLA;
				ENABLE_STRICT_OBJC_MSGSEND = YES;
				ENABLE_TESTABILITY = YES;
				ENABLE_USER_SCRIPT_SANDBOXING = YES;
				GCC_C_LANGUAGE_STANDARD = gnu17;
				GCC_DYNAMIC_NO_PIC = NO;
				GCC_NO_COMMON_BLOCKS = YES;
				GCC_OPTIMIZATION_LEVEL = 0;
				GCC_PREPROCESSOR_DEFINITIONS = (
					"DEBUG=1",
					"$(inherited)",
				);
				GCC_WARN_64_TO_32_BIT_CONVERSION = YES;
				GCC_WARN_ABOUT_RETURN_TYPE = YES_ERROR;
				GCC_WARN_UNDECLARED_SELECTOR = YES;
				GCC_WARN_UNINITIALIZED_AUTOS = YES_AGGRESSIVE;
				GCC_WARN_UNUSED_FUNCTION = YES;
				GCC_WARN_UNUSED_VARIABLE = YES;
				IPHONEOS_DEPLOYMENT_TARGET = 26.2;
				LOCALIZATION_PREFERS_STRING_CATALOGS = YES;
				MTL_ENABLE_DEBUG_INFO = INCLUDE_SOURCE;
				MTL_FAST_MATH = YES;
				ONLY_ACTIVE_ARCH = YES;
				SDKROOT = iphoneos;
				SWIFT_ACTIVE_COMPILATION_CONDITIONS = "DEBUG $(inherited)";
				SWIFT_OPTIMIZATION_LEVEL = "-Onone";
			};
			name = Debug;
		};
		F58255862FE9BBFC003F1CED /* Release */ = {
			isa = XCBuildConfiguration;
			buildSettings = {
				ALWAYS_SEARCH_USER_PATHS = NO;
				ASSETCATALOG_COMPILER_GENERATE_SWIFT_ASSET_SYMBOL_EXTENSIONS = YES;
				CLANG_ANALYZER_NONNULL = YES;
				CLANG_ANALYZER_NUMBER_OBJECT_CONVERSION = YES_AGGRESSIVE;
				CLANG_CXX_LANGUAGE_STANDARD = "gnu++20";
				CLANG_ENABLE_MODULES = YES;
				CLANG_ENABLE_OBJC_ARC = YES;
				CLANG_ENABLE_OBJC_WEAK = YES;
				CLANG_WARN_BLOCK_CAPTURE_AUTORELEASING = YES;
				CLANG_WARN_BOOL_CONVERSION = YES;
				CLANG_WARN_COMMA = YES;
				CLANG_WARN_CONSTANT_CONVERSION = YES;
				CLANG_WARN_DEPRECATED_OBJC_IMPLEMENTATIONS = YES;
				CLANG_WARN_DIRECT_OBJC_ISA_USAGE = YES_ERROR;
				CLANG_WARN_DOCUMENTATION_COMMENTS = YES;
				CLANG_WARN_EMPTY_BODY = YES;
				CLANG_WARN_ENUM_CONVERSION = YES;
				CLANG_WARN_INFINITE_RECURSION = YES;
				CLANG_WARN_INT_CONVERSION = YES;
				CLANG_WARN_NON_LITERAL_NULL_CONVERSION = YES;
				CLANG_WARN_OBJC_IMPLICIT_RETAIN_SELF = YES;
				CLANG_WARN_OBJC_LITERAL_CONVERSION = YES;
				CLANG_WARN_OBJC_ROOT_CLASS = YES_ERROR;
				CLANG_WARN_QUOTED_INCLUDE_IN_FRAMEWORK_HEADER = YES;
				CLANG_WARN_RANGE_LOOP_ANALYSIS = YES;
				CLANG_WARN_STRICT_PROTOTYPES = YES;
				CLANG_WARN_SUSPICIOUS_MOVE = YES;
				CLANG_WARN_UNGUARDED_AVAILABILITY = YES_AGGRESSIVE;
				CLANG_WARN_UNREACHABLE_CODE = YES;
				CLANG_WARN__DUPLICATE_METHOD_MATCH = YES;
				COPY_PHASE_STRIP = NO;
				DEBUG_INFORMATION_FORMAT = "dwarf-with-dsym";
				DEVELOPMENT_TEAM = 37TJBT8WLA;
				ENABLE_NS_ASSERTIONS = NO;
				ENABLE_STRICT_OBJC_MSGSEND = YES;
				ENABLE_USER_SCRIPT_SANDBOXING = YES;
				GCC_C_LANGUAGE_STANDARD = gnu17;
				GCC_NO_COMMON_BLOCKS = YES;
				GCC_WARN_64_TO_32_BIT_CONVERSION = YES;
				GCC_WARN_ABOUT_RETURN_TYPE = YES_ERROR;
				GCC_WARN_UNDECLARED_SELECTOR = YES;
				GCC_WARN_UNINITIALIZED_AUTOS = YES_AGGRESSIVE;
				GCC_WARN_UNUSED_FUNCTION = YES;
				GCC_WARN_UNUSED_VARIABLE = YES;
				IPHONEOS_DEPLOYMENT_TARGET = 26.2;
				LOCALIZATION_PREFERS_STRING_CATALOGS = YES;
				MTL_ENABLE_DEBUG_INFO = NO;
				MTL_FAST_MATH = YES;
				SDKROOT = iphoneos;
				SWIFT_COMPILATION_MODE = wholemodule;
				VALIDATE_PRODUCT = YES;
			};
			name = Release;
		};
		F58255882FE9BBFC003F1CED /* Debug */ = {
			isa = XCBuildConfiguration;
			buildSettings = {
				ASSETCATALOG_COMPILER_APPICON_NAME = AppIcon;
				ASSETCATALOG_COMPILER_GLOBAL_ACCENT_COLOR_NAME = AccentColor;
				CODE_SIGN_ENTITLEMENTS = "expenses-tracker/expenses-tracker.entitlements";
				CODE_SIGN_STYLE = Automatic;
				CURRENT_PROJECT_VERSION = 1;
				DEVELOPMENT_TEAM = 37TJBT8WLA;
				ENABLE_PREVIEWS = YES;
				GENERATE_INFOPLIST_FILE = YES;
				INFOPLIST_FILE = "expenses-tracker/Info.plist";
				INFOPLIST_KEY_CFBundleDisplayName = "Expenses Tracker";
				INFOPLIST_KEY_NSFaceIDUsageDescription = Description;
				INFOPLIST_KEY_UIApplicationSceneManifest_Generation = YES;
				INFOPLIST_KEY_UIApplicationSupportsIndirectInputEvents = YES;
				INFOPLIST_KEY_UILaunchScreen_Generation = YES;
				INFOPLIST_KEY_UISupportedInterfaceOrientations_iPad = "UIInterfaceOrientationPortrait UIInterfaceOrientationPortraitUpsideDown UIInterfaceOrientationLandscapeLeft UIInterfaceOrientationLandscapeRight";
				INFOPLIST_KEY_UISupportedInterfaceOrientations_iPhone = "UIInterfaceOrientationPortrait UIInterfaceOrientationLandscapeLeft UIInterfaceOrientationLandscapeRight";
				IPHONEOS_DEPLOYMENT_TARGET = 17.0;
				LD_RUNPATH_SEARCH_PATHS = (
					"$(inherited)",
					"@executable_path/Frameworks",
				);
				MARKETING_VERSION = 1.0;
				PRODUCT_BUNDLE_IDENTIFIER = "zataxo.swift.expenses-tracker";
				PRODUCT_NAME = "$(TARGET_NAME)";
				STRING_CATALOG_GENERATE_SYMBOLS = YES;
				SWIFT_APPROACHABLE_CONCURRENCY = YES;
				SWIFT_DEFAULT_ACTOR_ISOLATION = MainActor;
				SWIFT_EMIT_LOC_STRINGS = YES;
				SWIFT_UPCOMING_FEATURE_MEMBER_IMPORT_VISIBILITY = YES;
				SWIFT_VERSION = 6.0;
				TARGETED_DEVICE_FAMILY = "1,2";
			};
			name = Debug;
		};
		F58255892FE9BBFC003F1CED /* Release */ = {
			isa = XCBuildConfiguration;
			buildSettings = {
				ASSETCATALOG_COMPILER_APPICON_NAME = AppIcon;
				ASSETCATALOG_COMPILER_GLOBAL_ACCENT_COLOR_NAME = AccentColor;
				CODE_SIGN_ENTITLEMENTS = "expenses-tracker/expenses-tracker.entitlements";
				CODE_SIGN_STYLE = Automatic;
				CURRENT_PROJECT_VERSION = 1;
				DEVELOPMENT_TEAM = 37TJBT8WLA;
				ENABLE_PREVIEWS = YES;
				GENERATE_INFOPLIST_FILE = YES;
				INFOPLIST_FILE = "expenses-tracker/Info.plist";
				INFOPLIST_KEY_CFBundleDisplayName = "Expenses Tracker";
				INFOPLIST_KEY_NSFaceIDUsageDescription = Description;
				INFOPLIST_KEY_UIApplicationSceneManifest_Generation = YES;
				INFOPLIST_KEY_UIApplicationSupportsIndirectInputEvents = YES;
				INFOPLIST_KEY_UILaunchScreen_Generation = YES;
				INFOPLIST_KEY_UISupportedInterfaceOrientations_iPad = "UIInterfaceOrientationPortrait UIInterfaceOrientationPortraitUpsideDown UIInterfaceOrientationLandscapeLeft UIInterfaceOrientationLandscapeRight";
				INFOPLIST_KEY_UISupportedInterfaceOrientations_iPhone = "UIInterfaceOrientationPortrait UIInterfaceOrientationLandscapeLeft UIInterfaceOrientationLandscapeRight";
				IPHONEOS_DEPLOYMENT_TARGET = 17.0;
				LD_RUNPATH_SEARCH_PATHS = (
					"$(inherited)",
					"@executable_path/Frameworks",
				);
				MARKETING_VERSION = 1.0;
				PRODUCT_BUNDLE_IDENTIFIER = "zataxo.swift.expenses-tracker";
				PRODUCT_NAME = "$(TARGET_NAME)";
				STRING_CATALOG_GENERATE_SYMBOLS = YES;
				SWIFT_APPROACHABLE_CONCURRENCY = YES;
				SWIFT_DEFAULT_ACTOR_ISOLATION = MainActor;
				SWIFT_EMIT_LOC_STRINGS = YES;
				SWIFT_UPCOMING_FEATURE_MEMBER_IMPORT_VISIBILITY = YES;
				SWIFT_VERSION = 6.0;
				TARGETED_DEVICE_FAMILY = "1,2";
			};
			name = Release;
		};
/* End XCBuildConfiguration section */

/* Begin XCConfigurationList section */
		F54948CB2FF0005A00B9AB9D /* Build configuration list for PBXNativeTarget "StatsWidgetExtension" */ = {
			isa = XCConfigurationList;
			buildConfigurations = (
				F54948C92FF0005A00B9AB9D /* Debug */,
				F54948CA2FF0005A00B9AB9D /* Release */,
			);
			defaultConfigurationIsVisible = 0;
			defaultConfigurationName = Release;
		};
		F58255772FE9BBFB003F1CED /* Build configuration list for PBXProject "expenses-tracker" */ = {
			isa = XCConfigurationList;
			buildConfigurations = (
				F58255852FE9BBFC003F1CED /* Debug */,
				F58255862FE9BBFC003F1CED /* Release */,
			);
			defaultConfigurationIsVisible = 0;
			defaultConfigurationName = Release;
		};
		F58255872FE9BBFC003F1CED /* Build configuration list for PBXNativeTarget "expenses-tracker" */ = {
			isa = XCConfigurationList;
			buildConfigurations = (
				F58255882FE9BBFC003F1CED /* Debug */,
				F58255892FE9BBFC003F1CED /* Release */,
			);
			defaultConfigurationIsVisible = 0;
			defaultConfigurationName = Release;
		};
/* End XCConfigurationList section */
	};
	rootObject = F58255742FE9BBFB003F1CED /* Project object */;
}
